{
  "version": 4,
  "terraform_version": "1.14.3",
  "serial": 19,
  "lineage": "26c2d07a-7fe4-d324-0f34-c08b6851df98",
  "outputs": {},
  "resources": [
    {
      "mode": "managed",
      "type": "azurerm_resource_group",
      "name": "ifly",
      "provider": "provider[\"registry.terraform.io/hashicorp/azurerm\"]",
      "instances": [
        {
          "schema_version": 0,
          "attributes": {
            "id": "/subscriptions/db21defe-5517-4815-b5b4-bd8e125c2037/resourceGroups/rg-ifly",
            "location": "eastus",
            "managed_by": "",
            "name": "rg-ifly",
            "tags": {},
            "timeouts": null
          },
          "sensitive_attributes": [],
          "identity_schema_version": 0,
          "identity": {
            "name": "rg-ifly",
            "subscription_id": "db21defe-5517-4815-b5b4-bd8e125c2037"
          },
          "private": "eyJlMmJmYjczMC1lY2FhLTExZTYtOGY4OC0zNDM2M2JjN2M0YzAiOnsiY3JlYXRlIjo1NDAwMDAwMDAwMDAwLCJkZWxldGUiOjU0MDAwMDAwMDAwMDAsInJlYWQiOjMwMDAwMDAwMDAwMCwidXBkYXRlIjo1NDAwMDAwMDAwMDAwfX0="
        }
      ]
    },
    {
      "mode": "managed",
      "type": "azurerm_resource_group",
      "name": "ifly2",
      "provider": "provider[\"registry.terraform.io/hashicorp/azurerm\"]",
      "instances": [
        {
          "schema_version": 0,
          "attributes": {
            "id": "/subscriptions/db21defe-5517-4815-b5b4-bd8e125c2037/resourceGroups/rg-ifly2",
            "location": "westus",
            "managed_by": "",
            "name": "rg-ifly2",
            "tags": {},
            "timeouts": null
          },
          "sensitive_attributes": [],
          "identity_schema_version": 0,
          "identity": {
            "name": "rg-ifly2",
            "subscription_id": "db21defe-5517-4815-b5b4-bd8e125c2037"
          },
          "private": "eyJlMmJmYjczMC1lY2FhLTExZTYtOGY4OC0zNDM2M2JjN2M0YzAiOnsiY3JlYXRlIjo1NDAwMDAwMDAwMDAwLCJkZWxldGUiOjU0MDAwMDAwMDAwMDAsInJlYWQiOjMwMDAwMDAwMDAwMCwidXBkYXRlIjo1NDAwMDAwMDAwMDAwfX0="
        }
      ]
    },
    {
      "mode": "managed",
      "type": "azurerm_resource_group",
      "name": "ifly_list",
      "provider": "provider[\"registry.terraform.io/hashicorp/azurerm\"]",
      "instances": [
        {
          "index_key": "rg-ifly3",
          "schema_version": 0,
          "attributes": {
            "id": "/subscriptions/db21defe-5517-4815-b5b4-bd8e125c2037/resourceGroups/rg-ifly3",
            "location": "centralus",
            "managed_by": "",
            "name": "rg-ifly3",
            "tags": {},
            "timeouts": null
          },
          "sensitive_attributes": [],
          "identity_schema_version": 0,
          "identity": {
            "name": "rg-ifly3",
            "subscription_id": "db21defe-5517-4815-b5b4-bd8e125c2037"
          },
          "private": "eyJlMmJmYjczMC1lY2FhLTExZTYtOGY4OC0zNDM2M2JjN2M0YzAiOnsiY3JlYXRlIjo1NDAwMDAwMDAwMDAwLCJkZWxldGUiOjU0MDAwMDAwMDAwMDAsInJlYWQiOjMwMDAwMDAwMDAwMCwidXBkYXRlIjo1NDAwMDAwMDAwMDAwfX0="
        },
        {
          "index_key": "rg-ifly4",
          "schema_version": 0,
          "attributes": {
            "id": "/subscriptions/db21defe-5517-4815-b5b4-bd8e125c2037/resourceGroups/rg-ifly4",
            "location": "centralus",
            "managed_by": "",
            "name": "rg-ifly4",
            "tags": {},
            "timeouts": null
          },
          "sensitive_attributes": [],
          "identity_schema_version": 0,
          "identity": {
            "name": "rg-ifly4",
            "subscription_id": "db21defe-5517-4815-b5b4-bd8e125c2037"
          },
          "private": "eyJlMmJmYjczMC1lY2FhLTExZTYtOGY4OC0zNDM2M2JjN2M0YzAiOnsiY3JlYXRlIjo1NDAwMDAwMDAwMDAwLCJkZWxldGUiOjU0MDAwMDAwMDAwMDAsInJlYWQiOjMwMDAwMDAwMDAwMCwidXBkYXRlIjo1NDAwMDAwMDAwMDAwfX0="
        },
        {
          "index_key": "rg-ifly5",
          "schema_version": 0,
          "attributes": {
            "id": "/subscriptions/db21defe-5517-4815-b5b4-bd8e125c2037/resourceGroups/rg-ifly5",
            "location": "centralus",
            "managed_by": "",
            "name": "rg-ifly5",
            "tags": {},
            "timeouts": null
          },
          "sensitive_attributes": [],
          "identity_schema_version": 0,
          "identity": {
            "name": "rg-ifly5",
            "subscription_id": "db21defe-5517-4815-b5b4-bd8e125c2037"
          },
          "private": "eyJlMmJmYjczMC1lY2FhLTExZTYtOGY4OC0zNDM2M2JjN2M0YzAiOnsiY3JlYXRlIjo1NDAwMDAwMDAwMDAwLCJkZWxldGUiOjU0MDAwMDAwMDAwMDAsInJlYWQiOjMwMDAwMDAwMDAwMCwidXBkYXRlIjo1NDAwMDAwMDAwMDAwfX0="
        }
      ]
    },
    {
      "mode": "managed",
      "type": "azurerm_resource_group",
      "name": "ifly_list2",
      "provider": "provider[\"registry.terraform.io/hashicorp/azurerm\"]",
      "instances": [
        {
          "index_key": "rg-ifly6",
          "schema_version": 0,
          "attributes": {
            "id": "/subscriptions/db21defe-5517-4815-b5b4-bd8e125c2037/resourceGroups/rg-ifly6",
            "location": "northeurope",
            "managed_by": "",
            "name": "rg-ifly6",
            "tags": {},
            "timeouts": null
          },
          "sensitive_attributes": [],
          "identity_schema_version": 0,
          "identity": {
            "name": "rg-ifly6",
            "subscription_id": "db21defe-5517-4815-b5b4-bd8e125c2037"
          },
          "private": "eyJlMmJmYjczMC1lY2FhLTExZTYtOGY4OC0zNDM2M2JjN2M0YzAiOnsiY3JlYXRlIjo1NDAwMDAwMDAwMDAwLCJkZWxldGUiOjU0MDAwMDAwMDAwMDAsInJlYWQiOjMwMDAwMDAwMDAwMCwidXBkYXRlIjo1NDAwMDAwMDAwMDAwfX0="
        },
        {
          "index_key": "rg-ifly7",
          "schema_version": 0,
          "attributes": {
            "id": "/subscriptions/db21defe-5517-4815-b5b4-bd8e125c2037/resourceGroups/rg-ifly7",
            "location": "northeurope",
            "managed_by": "",
            "name": "rg-ifly7",
            "tags": {},
            "timeouts": null
          },
          "sensitive_attributes": [],
          "identity_schema_version": 0,
          "identity": {
            "name": "rg-ifly7",
            "subscription_id": "db21defe-5517-4815-b5b4-bd8e125c2037"
          },
          "private": "eyJlMmJmYjczMC1lY2FhLTExZTYtOGY4OC0zNDM2M2JjN2M0YzAiOnsiY3JlYXRlIjo1NDAwMDAwMDAwMDAwLCJkZWxldGUiOjU0MDAwMDAwMDAwMDAsInJlYWQiOjMwMDAwMDAwMDAwMCwidXBkYXRlIjo1NDAwMDAwMDAwMDAwfX0="
        },
        {
          "index_key": "rg-ifly8",
          "schema_version": 0,
          "attributes": {
            "id": "/subscriptions/db21defe-5517-4815-b5b4-bd8e125c2037/resourceGroups/rg-ifly8",
            "location": "northeurope",
            "managed_by": "",
            "name": "rg-ifly8",
            "tags": {},
            "timeouts": null
          },
          "sensitive_attributes": [],
          "identity_schema_version": 0,
          "identity": {
            "name": "rg-ifly8",
            "subscription_id": "db21defe-5517-4815-b5b4-bd8e125c2037"
          },
          "private": "eyJlMmJmYjczMC1lY2FhLTExZTYtOGY4OC0zNDM2M2JjN2M0YzAiOnsiY3JlYXRlIjo1NDAwMDAwMDAwMDAwLCJkZWxldGUiOjU0MDAwMDAwMDAwMDAsInJlYWQiOjMwMDAwMDAwMDAwMCwidXBkYXRlIjo1NDAwMDAwMDAwMDAwfX0="
        }
      ]
    },
    {
      "mode": "managed",
      "type": "azurerm_resource_group",
      "name": "ifly_map",
      "provider": "provider[\"registry.terraform.io/hashicorp/azurerm\"]",
      "instances": [
        {
          "index_key": "rg-ifly10",
          "schema_version": 0,
          "attributes": {
            "id": "/subscriptions/db21defe-5517-4815-b5b4-bd8e125c2037/resourceGroups/rg-ifly10",
            "location": "northeurope",
            "managed_by": "",
            "name": "rg-ifly10",
            "tags": {},
            "timeouts": null
          },
          "sensitive_attributes": [],
          "identity_schema_version": 0,
          "identity": {
            "name": "rg-ifly10",
            "subscription_id": "db21defe-5517-4815-b5b4-bd8e125c2037"
          },
          "private": "eyJlMmJmYjczMC1lY2FhLTExZTYtOGY4OC0zNDM2M2JjN2M0YzAiOnsiY3JlYXRlIjo1NDAwMDAwMDAwMDAwLCJkZWxldGUiOjU0MDAwMDAwMDAwMDAsInJlYWQiOjMwMDAwMDAwMDAwMCwidXBkYXRlIjo1NDAwMDAwMDAwMDAwfX0="
        },
        {
          "index_key": "rg-ifly11",
          "schema_version": 0,
          "attributes": {
            "id": "/subscriptions/db21defe-5517-4815-b5b4-bd8e125c2037/resourceGroups/rg-ifly11",
            "location": "westus",
            "managed_by": "",
            "name": "rg-ifly11",
            "tags": {},
            "timeouts": null
          },
          "sensitive_attributes": [],
          "identity_schema_version": 0,
          "identity": {
            "name": "rg-ifly11",
            "subscription_id": "db21defe-5517-4815-b5b4-bd8e125c2037"
          },
          "private": "eyJlMmJmYjczMC1lY2FhLTExZTYtOGY4OC0zNDM2M2JjN2M0YzAiOnsiY3JlYXRlIjo1NDAwMDAwMDAwMDAwLCJkZWxldGUiOjU0MDAwMDAwMDAwMDAsInJlYWQiOjMwMDAwMDAwMDAwMCwidXBkYXRlIjo1NDAwMDAwMDAwMDAwfX0="
        },
        {
          "index_key": "rg-ifly9",
          "schema_version": 0,
          "attributes": {
            "id": "/subscriptions/db21defe-5517-4815-b5b4-bd8e125c2037/resourceGroups/rg-ifly9",
            "location": "centralus",
            "managed_by": "",
            "name": "rg-ifly9",
            "tags": {},
            "timeouts": null
          },
          "sensitive_attributes": [],
          "identity_schema_version": 0,
          "identity": {
            "name": "rg-ifly9",
            "subscription_id": "db21defe-5517-4815-b5b4-bd8e125c2037"
          },
          "private": "eyJlMmJmYjczMC1lY2FhLTExZTYtOGY4OC0zNDM2M2JjN2M0YzAiOnsiY3JlYXRlIjo1NDAwMDAwMDAwMDAwLCJkZWxldGUiOjU0MDAwMDAwMDAwMDAsInJlYWQiOjMwMDAwMDAwMDAwMCwidXBkYXRlIjo1NDAwMDAwMDAwMDAwfX0="
        }
      ]
    },
    {
      "mode": "managed",
      "type": "azurerm_resource_group",
      "name": "ifly_map2",
      "provider": "provider[\"registry.terraform.io/hashicorp/azurerm\"]",
      "instances": [
        {
          "index_key": "rg-ifly12",
          "schema_version": 0,
          "attributes": {
            "id": "/subscriptions/db21defe-5517-4815-b5b4-bd8e125c2037/resourceGroups/rg-ifly12",
            "location": "eastus",
            "managed_by": "",
            "name": "rg-ifly12",
            "tags": null,
            "timeouts": null
          },
          "sensitive_attributes": [],
          "identity_schema_version": 0,
          "identity": {
            "name": "rg-ifly12",
            "subscription_id": "db21defe-5517-4815-b5b4-bd8e125c2037"
          },
          "private": "eyJlMmJmYjczMC1lY2FhLTExZTYtOGY4OC0zNDM2M2JjN2M0YzAiOnsiY3JlYXRlIjo1NDAwMDAwMDAwMDAwLCJkZWxldGUiOjU0MDAwMDAwMDAwMDAsInJlYWQiOjMwMDAwMDAwMDAwMCwidXBkYXRlIjo1NDAwMDAwMDAwMDAwfX0="
        },
        {
          "index_key": "rg-ifly13",
          "schema_version": 0,
          "attributes": {
            "id": "/subscriptions/db21defe-5517-4815-b5b4-bd8e125c2037/resourceGroups/rg-ifly13",
            "location": "westeurope",
            "managed_by": "",
            "name": "rg-ifly13",
            "tags": null,
            "timeouts": null
          },
          "sensitive_attributes": [],
          "identity_schema_version": 0,
          "identity": {
            "name": "rg-ifly13",
            "subscription_id": "db21defe-5517-4815-b5b4-bd8e125c2037"
          },
          "private": "eyJlMmJmYjczMC1lY2FhLTExZTYtOGY4OC0zNDM2M2JjN2M0YzAiOnsiY3JlYXRlIjo1NDAwMDAwMDAwMDAwLCJkZWxldGUiOjU0MDAwMDAwMDAwMDAsInJlYWQiOjMwMDAwMDAwMDAwMCwidXBkYXRlIjo1NDAwMDAwMDAwMDAwfX0="
        },
        {
          "index_key": "rg-ifly14",
          "schema_version": 0,
          "attributes": {
            "id": "/subscriptions/db21defe-5517-4815-b5b4-bd8e125c2037/resourceGroups/rg-ifly14",
            "location": "southeastasia",
            "managed_by": "",
            "name": "rg-ifly14",
            "tags": null,
            "timeouts": null
          },
          "sensitive_attributes": [],
          "identity_schema_version": 0,
          "identity": {
            "name": "rg-ifly14",
            "subscription_id": "db21defe-5517-4815-b5b4-bd8e125c2037"
          },
          "private": "eyJlMmJmYjczMC1lY2FhLTExZTYtOGY4OC0zNDM2M2JjN2M0YzAiOnsiY3JlYXRlIjo1NDAwMDAwMDAwMDAwLCJkZWxldGUiOjU0MDAwMDAwMDAwMDAsInJlYWQiOjMwMDAwMDAwMDAwMCwidXBkYXRlIjo1NDAwMDAwMDAwMDAwfX0="
        }
      ]
    }
  ],
  "check_results": null
}
