{
  "version": 4,
  "terraform_version": "1.15.7",
  "serial": 3,
  "lineage": "4e5e6987-f011-ac85-0ab8-9e24d13b5cc2",
  "outputs": {},
  "resources": [
    {
      "mode": "managed",
      "type": "azurerm_resource_group",
      "name": "block2",
      "provider": "provider[\"registry.terraform.io/hashicorp/azurerm\"]",
      "instances": [
        {
          "index_key": "rg10",
          "schema_version": 0,
          "attributes": {
            "id": "/subscriptions/4b7f2f4e-4f23-417b-8d39-124fa8845d66/resourceGroups/rg10",
            "location": "southindia",
            "managed_by": "",
            "name": "rg10",
            "tags": null,
            "timeouts": null
          },
          "sensitive_attributes": [],
          "identity_schema_version": 0,
          "identity": {
            "name": "rg10",
            "subscription_id": "4b7f2f4e-4f23-417b-8d39-124fa8845d66"
          },
          "private": "eyJlMmJmYjczMC1lY2FhLTExZTYtOGY4OC0zNDM2M2JjN2M0YzAiOnsiY3JlYXRlIjo1NDAwMDAwMDAwMDAwLCJkZWxldGUiOjU0MDAwMDAwMDAwMDAsInJlYWQiOjMwMDAwMDAwMDAwMCwidXBkYXRlIjo1NDAwMDAwMDAwMDAwfX0="
        }
      ]
    }
  ],
  "check_results": null
}
