{
  "version": 4,
  "terraform_version": "1.14.3",
  "serial": 34,
  "lineage": "ff583236-fac5-8b6c-7575-7826e72f8a3c",
  "outputs": {},
  "resources": [
    {
      "mode": "managed",
      "type": "azurerm_resource_group",
      "name": "rg-block-ifly",
      "provider": "provider[\"registry.terraform.io/hashicorp/azurerm\"]",
      "instances": [
        {
          "schema_version": 0,
          "attributes": {
            "id": "/subscriptions/4b7f2f4e-4f23-417b-8d39-124fa8845d66/resourceGroups/rg-uat",
            "location": "centralindia",
            "managed_by": "",
            "name": "rg-uat",
            "tags": {},
            "timeouts": null
          },
          "sensitive_attributes": [],
          "identity_schema_version": 0,
          "identity": {
            "name": "rg-uat",
            "subscription_id": "4b7f2f4e-4f23-417b-8d39-124fa8845d66"
          },
          "private": "eyJlMmJmYjczMC1lY2FhLTExZTYtOGY4OC0zNDM2M2JjN2M0YzAiOnsiY3JlYXRlIjo1NDAwMDAwMDAwMDAwLCJkZWxldGUiOjU0MDAwMDAwMDAwMDAsInJlYWQiOjMwMDAwMDAwMDAwMCwidXBkYXRlIjo1NDAwMDAwMDAwMDAwfX0="
        }
      ]
    },
    {
      "mode": "managed",
      "type": "azurerm_resource_group",
      "name": "rg-block-ifly2",
      "provider": "provider[\"registry.terraform.io/hashicorp/azurerm\"]",
      "instances": [
        {
          "index_key": "rg-dev2",
          "schema_version": 0,
          "attributes": {
            "id": "/subscriptions/4b7f2f4e-4f23-417b-8d39-124fa8845d66/resourceGroups/rg-dev2",
            "location": "centralindia",
            "managed_by": "",
            "name": "rg-dev2",
            "tags": {},
            "timeouts": null
          },
          "sensitive_attributes": [],
          "identity_schema_version": 0,
          "identity": {
            "name": "rg-dev2",
            "subscription_id": "4b7f2f4e-4f23-417b-8d39-124fa8845d66"
          },
          "private": "eyJlMmJmYjczMC1lY2FhLTExZTYtOGY4OC0zNDM2M2JjN2M0YzAiOnsiY3JlYXRlIjo1NDAwMDAwMDAwMDAwLCJkZWxldGUiOjU0MDAwMDAwMDAwMDAsInJlYWQiOjMwMDAwMDAwMDAwMCwidXBkYXRlIjo1NDAwMDAwMDAwMDAwfX0="
        },
        {
          "index_key": "rg-prod2",
          "schema_version": 0,
          "attributes": {
            "id": "/subscriptions/4b7f2f4e-4f23-417b-8d39-124fa8845d66/resourceGroups/rg-prod2",
            "location": "centralindia",
            "managed_by": "",
            "name": "rg-prod2",
            "tags": {},
            "timeouts": null
          },
          "sensitive_attributes": [],
          "identity_schema_version": 0,
          "identity": {
            "name": "rg-prod2",
            "subscription_id": "4b7f2f4e-4f23-417b-8d39-124fa8845d66"
          },
          "private": "eyJlMmJmYjczMC1lY2FhLTExZTYtOGY4OC0zNDM2M2JjN2M0YzAiOnsiY3JlYXRlIjo1NDAwMDAwMDAwMDAwLCJkZWxldGUiOjU0MDAwMDAwMDAwMDAsInJlYWQiOjMwMDAwMDAwMDAwMCwidXBkYXRlIjo1NDAwMDAwMDAwMDAwfX0="
        },
        {
          "index_key": "rg-test2",
          "schema_version": 0,
          "attributes": {
            "id": "/subscriptions/4b7f2f4e-4f23-417b-8d39-124fa8845d66/resourceGroups/rg-test2",
            "location": "centralindia",
            "managed_by": "",
            "name": "rg-test2",
            "tags": {},
            "timeouts": null
          },
          "sensitive_attributes": [],
          "identity_schema_version": 0,
          "identity": {
            "name": "rg-test2",
            "subscription_id": "4b7f2f4e-4f23-417b-8d39-124fa8845d66"
          },
          "private": "eyJlMmJmYjczMC1lY2FhLTExZTYtOGY4OC0zNDM2M2JjN2M0YzAiOnsiY3JlYXRlIjo1NDAwMDAwMDAwMDAwLCJkZWxldGUiOjU0MDAwMDAwMDAwMDAsInJlYWQiOjMwMDAwMDAwMDAwMCwidXBkYXRlIjo1NDAwMDAwMDAwMDAwfX0="
        }
      ]
    },
    {
      "mode": "managed",
      "type": "azurerm_resource_group",
      "name": "rg-block-ifly3",
      "provider": "provider[\"registry.terraform.io/hashicorp/azurerm\"]",
      "instances": [
        {
          "index_key": "rg-dev3",
          "schema_version": 0,
          "attributes": {
            "id": "/subscriptions/4b7f2f4e-4f23-417b-8d39-124fa8845d66/resourceGroups/rg-dev3",
            "location": "centralindia",
            "managed_by": "",
            "name": "rg-dev3",
            "tags": {},
            "timeouts": null
          },
          "sensitive_attributes": [],
          "identity_schema_version": 0,
          "identity": {
            "name": "rg-dev3",
            "subscription_id": "4b7f2f4e-4f23-417b-8d39-124fa8845d66"
          },
          "private": "eyJlMmJmYjczMC1lY2FhLTExZTYtOGY4OC0zNDM2M2JjN2M0YzAiOnsiY3JlYXRlIjo1NDAwMDAwMDAwMDAwLCJkZWxldGUiOjU0MDAwMDAwMDAwMDAsInJlYWQiOjMwMDAwMDAwMDAwMCwidXBkYXRlIjo1NDAwMDAwMDAwMDAwfX0="
        },
        {
          "index_key": "rg-test3",
          "schema_version": 0,
          "attributes": {
            "id": "/subscriptions/4b7f2f4e-4f23-417b-8d39-124fa8845d66/resourceGroups/rg-test3",
            "location": "centralindia",
            "managed_by": "",
            "name": "rg-test3",
            "tags": {},
            "timeouts": null
          },
          "sensitive_attributes": [],
          "identity_schema_version": 0,
          "identity": {
            "name": "rg-test3",
            "subscription_id": "4b7f2f4e-4f23-417b-8d39-124fa8845d66"
          },
          "private": "eyJlMmJmYjczMC1lY2FhLTExZTYtOGY4OC0zNDM2M2JjN2M0YzAiOnsiY3JlYXRlIjo1NDAwMDAwMDAwMDAwLCJkZWxldGUiOjU0MDAwMDAwMDAwMDAsInJlYWQiOjMwMDAwMDAwMDAwMCwidXBkYXRlIjo1NDAwMDAwMDAwMDAwfX0="
        }
      ]
    },
    {
      "mode": "managed",
      "type": "azurerm_resource_group",
      "name": "rg-block-ifly4",
      "provider": "provider[\"registry.terraform.io/hashicorp/azurerm\"]",
      "instances": [
        {
          "index_key": "rg1",
          "schema_version": 0,
          "attributes": {
            "id": "/subscriptions/4b7f2f4e-4f23-417b-8d39-124fa8845d66/resourceGroups/rg-test4",
            "location": "westindia",
            "managed_by": "",
            "name": "rg-test4",
            "tags": {},
            "timeouts": null
          },
          "sensitive_attributes": [],
          "identity_schema_version": 0,
          "identity": {
            "name": "rg-test4",
            "subscription_id": "4b7f2f4e-4f23-417b-8d39-124fa8845d66"
          },
          "private": "eyJlMmJmYjczMC1lY2FhLTExZTYtOGY4OC0zNDM2M2JjN2M0YzAiOnsiY3JlYXRlIjo1NDAwMDAwMDAwMDAwLCJkZWxldGUiOjU0MDAwMDAwMDAwMDAsInJlYWQiOjMwMDAwMDAwMDAwMCwidXBkYXRlIjo1NDAwMDAwMDAwMDAwfX0="
        },
        {
          "index_key": "rg2",
          "schema_version": 0,
          "attributes": {
            "id": "/subscriptions/4b7f2f4e-4f23-417b-8d39-124fa8845d66/resourceGroups/rg-dev4",
            "location": "westindia",
            "managed_by": "",
            "name": "rg-dev4",
            "tags": {},
            "timeouts": null
          },
          "sensitive_attributes": [],
          "identity_schema_version": 0,
          "identity": {
            "name": "rg-dev4",
            "subscription_id": "4b7f2f4e-4f23-417b-8d39-124fa8845d66"
          },
          "private": "eyJlMmJmYjczMC1lY2FhLTExZTYtOGY4OC0zNDM2M2JjN2M0YzAiOnsiY3JlYXRlIjo1NDAwMDAwMDAwMDAwLCJkZWxldGUiOjU0MDAwMDAwMDAwMDAsInJlYWQiOjMwMDAwMDAwMDAwMCwidXBkYXRlIjo1NDAwMDAwMDAwMDAwfX0="
        }
      ]
    },
    {
      "mode": "managed",
      "type": "azurerm_resource_group",
      "name": "rg-block-ifly5",
      "provider": "provider[\"registry.terraform.io/hashicorp/azurerm\"]",
      "instances": [
        {
          "index_key": "rgs",
          "schema_version": 0,
          "attributes": {
            "id": "/subscriptions/4b7f2f4e-4f23-417b-8d39-124fa8845d66/resourceGroups/rg-prod5",
            "location": "centralindia",
            "managed_by": "",
            "name": "rg-prod5",
            "tags": null,
            "timeouts": null
          },
          "sensitive_attributes": [],
          "identity_schema_version": 0,
          "identity": {
            "name": "rg-prod5",
            "subscription_id": "4b7f2f4e-4f23-417b-8d39-124fa8845d66"
          },
          "private": "eyJlMmJmYjczMC1lY2FhLTExZTYtOGY4OC0zNDM2M2JjN2M0YzAiOnsiY3JlYXRlIjo1NDAwMDAwMDAwMDAwLCJkZWxldGUiOjU0MDAwMDAwMDAwMDAsInJlYWQiOjMwMDAwMDAwMDAwMCwidXBkYXRlIjo1NDAwMDAwMDAwMDAwfX0="
        },
        {
          "index_key": "rgs1",
          "schema_version": 0,
          "attributes": {
            "id": "/subscriptions/4b7f2f4e-4f23-417b-8d39-124fa8845d66/resourceGroups/rg-test5",
            "location": "centralindia",
            "managed_by": "",
            "name": "rg-test5",
            "tags": null,
            "timeouts": null
          },
          "sensitive_attributes": [],
          "identity_schema_version": 0,
          "identity": {
            "name": "rg-test5",
            "subscription_id": "4b7f2f4e-4f23-417b-8d39-124fa8845d66"
          },
          "private": "eyJlMmJmYjczMC1lY2FhLTExZTYtOGY4OC0zNDM2M2JjN2M0YzAiOnsiY3JlYXRlIjo1NDAwMDAwMDAwMDAwLCJkZWxldGUiOjU0MDAwMDAwMDAwMDAsInJlYWQiOjMwMDAwMDAwMDAwMCwidXBkYXRlIjo1NDAwMDAwMDAwMDAwfX0="
        },
        {
          "index_key": "rgs2",
          "schema_version": 0,
          "attributes": {
            "id": "/subscriptions/4b7f2f4e-4f23-417b-8d39-124fa8845d66/resourceGroups/rg-dev5",
            "location": "westindia",
            "managed_by": "",
            "name": "rg-dev5",
            "tags": null,
            "timeouts": null
          },
          "sensitive_attributes": [],
          "identity_schema_version": 0,
          "identity": {
            "name": "rg-dev5",
            "subscription_id": "4b7f2f4e-4f23-417b-8d39-124fa8845d66"
          },
          "private": "eyJlMmJmYjczMC1lY2FhLTExZTYtOGY4OC0zNDM2M2JjN2M0YzAiOnsiY3JlYXRlIjo1NDAwMDAwMDAwMDAwLCJkZWxldGUiOjU0MDAwMDAwMDAwMDAsInJlYWQiOjMwMDAwMDAwMDAwMCwidXBkYXRlIjo1NDAwMDAwMDAwMDAwfX0="
        }
      ]
    },
    {
      "mode": "managed",
      "type": "azurerm_resource_group",
      "name": "rg_block-ifly",
      "provider": "provider[\"registry.terraform.io/hashicorp/azurerm\"]",
      "instances": [
        {
          "index_key": "rg-dev",
          "schema_version": 0,
          "attributes": {
            "id": "/subscriptions/4b7f2f4e-4f23-417b-8d39-124fa8845d66/resourceGroups/rg-dev",
            "location": "centralindia",
            "managed_by": "",
            "name": "rg-dev",
            "tags": {},
            "timeouts": null
          },
          "sensitive_attributes": [],
          "identity_schema_version": 0,
          "identity": {
            "name": "rg-dev",
            "subscription_id": "4b7f2f4e-4f23-417b-8d39-124fa8845d66"
          },
          "private": "eyJlMmJmYjczMC1lY2FhLTExZTYtOGY4OC0zNDM2M2JjN2M0YzAiOnsiY3JlYXRlIjo1NDAwMDAwMDAwMDAwLCJkZWxldGUiOjU0MDAwMDAwMDAwMDAsInJlYWQiOjMwMDAwMDAwMDAwMCwidXBkYXRlIjo1NDAwMDAwMDAwMDAwfX0="
        },
        {
          "index_key": "rg-prod",
          "schema_version": 0,
          "attributes": {
            "id": "/subscriptions/4b7f2f4e-4f23-417b-8d39-124fa8845d66/resourceGroups/rg-prod",
            "location": "centralindia",
            "managed_by": "",
            "name": "rg-prod",
            "tags": {},
            "timeouts": null
          },
          "sensitive_attributes": [],
          "identity_schema_version": 0,
          "identity": {
            "name": "rg-prod",
            "subscription_id": "4b7f2f4e-4f23-417b-8d39-124fa8845d66"
          },
          "private": "eyJlMmJmYjczMC1lY2FhLTExZTYtOGY4OC0zNDM2M2JjN2M0YzAiOnsiY3JlYXRlIjo1NDAwMDAwMDAwMDAwLCJkZWxldGUiOjU0MDAwMDAwMDAwMDAsInJlYWQiOjMwMDAwMDAwMDAwMCwidXBkYXRlIjo1NDAwMDAwMDAwMDAwfX0="
        },
        {
          "index_key": "rg-test",
          "schema_version": 0,
          "attributes": {
            "id": "/subscriptions/4b7f2f4e-4f23-417b-8d39-124fa8845d66/resourceGroups/rg-test",
            "location": "centralindia",
            "managed_by": "",
            "name": "rg-test",
            "tags": {},
            "timeouts": null
          },
          "sensitive_attributes": [],
          "identity_schema_version": 0,
          "identity": {
            "name": "rg-test",
            "subscription_id": "4b7f2f4e-4f23-417b-8d39-124fa8845d66"
          },
          "private": "eyJlMmJmYjczMC1lY2FhLTExZTYtOGY4OC0zNDM2M2JjN2M0YzAiOnsiY3JlYXRlIjo1NDAwMDAwMDAwMDAwLCJkZWxldGUiOjU0MDAwMDAwMDAwMDAsInJlYWQiOjMwMDAwMDAwMDAwMCwidXBkYXRlIjo1NDAwMDAwMDAwMDAwfX0="
        }
      ]
    },
    {
      "mode": "managed",
      "type": "azurerm_resource_group",
      "name": "rg_block-ifly1",
      "provider": "provider[\"registry.terraform.io/hashicorp/azurerm\"]",
      "instances": [
        {
          "index_key": "rg-dev1",
          "schema_version": 0,
          "attributes": {
            "id": "/subscriptions/4b7f2f4e-4f23-417b-8d39-124fa8845d66/resourceGroups/rg-dev1",
            "location": "centralindia",
            "managed_by": "",
            "name": "rg-dev1",
            "tags": {},
            "timeouts": null
          },
          "sensitive_attributes": [],
          "identity_schema_version": 0,
          "identity": {
            "name": "rg-dev1",
            "subscription_id": "4b7f2f4e-4f23-417b-8d39-124fa8845d66"
          },
          "private": "eyJlMmJmYjczMC1lY2FhLTExZTYtOGY4OC0zNDM2M2JjN2M0YzAiOnsiY3JlYXRlIjo1NDAwMDAwMDAwMDAwLCJkZWxldGUiOjU0MDAwMDAwMDAwMDAsInJlYWQiOjMwMDAwMDAwMDAwMCwidXBkYXRlIjo1NDAwMDAwMDAwMDAwfX0="
        },
        {
          "index_key": "rg-prod1",
          "schema_version": 0,
          "attributes": {
            "id": "/subscriptions/4b7f2f4e-4f23-417b-8d39-124fa8845d66/resourceGroups/rg-prod1",
            "location": "centralindia",
            "managed_by": "",
            "name": "rg-prod1",
            "tags": {},
            "timeouts": null
          },
          "sensitive_attributes": [],
          "identity_schema_version": 0,
          "identity": {
            "name": "rg-prod1",
            "subscription_id": "4b7f2f4e-4f23-417b-8d39-124fa8845d66"
          },
          "private": "eyJlMmJmYjczMC1lY2FhLTExZTYtOGY4OC0zNDM2M2JjN2M0YzAiOnsiY3JlYXRlIjo1NDAwMDAwMDAwMDAwLCJkZWxldGUiOjU0MDAwMDAwMDAwMDAsInJlYWQiOjMwMDAwMDAwMDAwMCwidXBkYXRlIjo1NDAwMDAwMDAwMDAwfX0="
        },
        {
          "index_key": "rg-test1",
          "schema_version": 0,
          "attributes": {
            "id": "/subscriptions/4b7f2f4e-4f23-417b-8d39-124fa8845d66/resourceGroups/rg-test1",
            "location": "centralindia",
            "managed_by": "",
            "name": "rg-test1",
            "tags": {},
            "timeouts": null
          },
          "sensitive_attributes": [],
          "identity_schema_version": 0,
          "identity": {
            "name": "rg-test1",
            "subscription_id": "4b7f2f4e-4f23-417b-8d39-124fa8845d66"
          },
          "private": "eyJlMmJmYjczMC1lY2FhLTExZTYtOGY4OC0zNDM2M2JjN2M0YzAiOnsiY3JlYXRlIjo1NDAwMDAwMDAwMDAwLCJkZWxldGUiOjU0MDAwMDAwMDAwMDAsInJlYWQiOjMwMDAwMDAwMDAwMCwidXBkYXRlIjo1NDAwMDAwMDAwMDAwfX0="
        }
      ]
    }
  ],
  "check_results": null
}
