{
  "version": 4,
  "terraform_version": "1.14.3",
  "serial": 4,
  "lineage": "c19ed670-042c-0d79-b7e3-285e9813b843",
  "outputs": {},
  "resources": [
    {
      "mode": "managed",
      "type": "azurerm_resource_group",
      "name": "qrgihl_block1",
      "provider": "provider[\"registry.terraform.io/hashicorp/azurerm\"]",
      "instances": [
        {
          "schema_version": 0,
          "attributes": {
            "id": "/subscriptions/db21defe-5517-4815-b5b4-bd8e125c2037/resourceGroups/qrgil_rg_prod",
            "location": "eastus",
            "managed_by": "",
            "name": "qrgil_rg_prod",
            "tags": {},
            "timeouts": null
          },
          "sensitive_attributes": [],
          "identity_schema_version": 0,
          "identity": {
            "name": "qrgil_rg_prod",
            "subscription_id": "db21defe-5517-4815-b5b4-bd8e125c2037"
          },
          "private": "eyJlMmJmYjczMC1lY2FhLTExZTYtOGY4OC0zNDM2M2JjN2M0YzAiOnsiY3JlYXRlIjo1NDAwMDAwMDAwMDAwLCJkZWxldGUiOjU0MDAwMDAwMDAwMDAsInJlYWQiOjMwMDAwMDAwMDAwMCwidXBkYXRlIjo1NDAwMDAwMDAwMDAwfX0="
        }
      ]
    },
    {
      "mode": "managed",
      "type": "azurerm_resource_group",
      "name": "qrgihl_block2",
      "provider": "provider[\"registry.terraform.io/hashicorp/azurerm\"]",
      "instances": [
        {
          "index_key": "qrgil_rg_dev",
          "schema_version": 0,
          "attributes": {
            "id": "/subscriptions/db21defe-5517-4815-b5b4-bd8e125c2037/resourceGroups/qrgil_rg_dev",
            "location": "eastus",
            "managed_by": "",
            "name": "qrgil_rg_dev",
            "tags": null,
            "timeouts": null
          },
          "sensitive_attributes": [],
          "identity_schema_version": 0,
          "identity": {
            "name": "qrgil_rg_dev",
            "subscription_id": "db21defe-5517-4815-b5b4-bd8e125c2037"
          },
          "private": "eyJlMmJmYjczMC1lY2FhLTExZTYtOGY4OC0zNDM2M2JjN2M0YzAiOnsiY3JlYXRlIjo1NDAwMDAwMDAwMDAwLCJkZWxldGUiOjU0MDAwMDAwMDAwMDAsInJlYWQiOjMwMDAwMDAwMDAwMCwidXBkYXRlIjo1NDAwMDAwMDAwMDAwfX0="
        },
        {
          "index_key": "qrgil_rg_test",
          "schema_version": 0,
          "attributes": {
            "id": "/subscriptions/db21defe-5517-4815-b5b4-bd8e125c2037/resourceGroups/qrgil_rg_test",
            "location": "eastus",
            "managed_by": "",
            "name": "qrgil_rg_test",
            "tags": null,
            "timeouts": null
          },
          "sensitive_attributes": [],
          "identity_schema_version": 0,
          "identity": {
            "name": "qrgil_rg_test",
            "subscription_id": "db21defe-5517-4815-b5b4-bd8e125c2037"
          },
          "private": "eyJlMmJmYjczMC1lY2FhLTExZTYtOGY4OC0zNDM2M2JjN2M0YzAiOnsiY3JlYXRlIjo1NDAwMDAwMDAwMDAwLCJkZWxldGUiOjU0MDAwMDAwMDAwMDAsInJlYWQiOjMwMDAwMDAwMDAwMCwidXBkYXRlIjo1NDAwMDAwMDAwMDAwfX0="
        }
      ]
    }
  ],
  "check_results": null
}
