{
  "version": 4,
  "terraform_version": "1.15.7",
  "serial": 6,
  "lineage": "ead727f4-957a-2ae6-1ce4-d21a1f01bf9c",
  "outputs": {},
  "resources": [
    {
      "mode": "managed",
      "type": "azurerm_resource_group",
      "name": "block1",
      "provider": "provider[\"registry.terraform.io/hashicorp/azurerm\"]",
      "instances": [
        {
          "index_key": "rg7",
          "schema_version": 0,
          "attributes": {
            "id": "/subscriptions/4b7f2f4e-4f23-417b-8d39-124fa8845d66/resourceGroups/rg7",
            "location": "centralindia",
            "managed_by": "",
            "name": "rg7",
            "tags": null,
            "timeouts": null
          },
          "sensitive_attributes": [],
          "identity_schema_version": 0,
          "identity": {
            "name": "rg7",
            "subscription_id": "4b7f2f4e-4f23-417b-8d39-124fa8845d66"
          },
          "private": "eyJlMmJmYjczMC1lY2FhLTExZTYtOGY4OC0zNDM2M2JjN2M0YzAiOnsiY3JlYXRlIjo1NDAwMDAwMDAwMDAwLCJkZWxldGUiOjU0MDAwMDAwMDAwMDAsInJlYWQiOjMwMDAwMDAwMDAwMCwidXBkYXRlIjo1NDAwMDAwMDAwMDAwfX0="
        },
        {
          "index_key": "rg8",
          "schema_version": 0,
          "attributes": {
            "id": "/subscriptions/4b7f2f4e-4f23-417b-8d39-124fa8845d66/resourceGroups/rg8",
            "location": "centralindia",
            "managed_by": "",
            "name": "rg8",
            "tags": null,
            "timeouts": null
          },
          "sensitive_attributes": [],
          "identity_schema_version": 0,
          "identity": {
            "name": "rg8",
            "subscription_id": "4b7f2f4e-4f23-417b-8d39-124fa8845d66"
          },
          "private": "eyJlMmJmYjczMC1lY2FhLTExZTYtOGY4OC0zNDM2M2JjN2M0YzAiOnsiY3JlYXRlIjo1NDAwMDAwMDAwMDAwLCJkZWxldGUiOjU0MDAwMDAwMDAwMDAsInJlYWQiOjMwMDAwMDAwMDAwMCwidXBkYXRlIjo1NDAwMDAwMDAwMDAwfX0="
        },
        {
          "index_key": "rg9",
          "schema_version": 0,
          "attributes": {
            "id": "/subscriptions/4b7f2f4e-4f23-417b-8d39-124fa8845d66/resourceGroups/rg9",
            "location": "centralindia",
            "managed_by": "",
            "name": "rg9",
            "tags": null,
            "timeouts": null
          },
          "sensitive_attributes": [],
          "identity_schema_version": 0,
          "identity": {
            "name": "rg9",
            "subscription_id": "4b7f2f4e-4f23-417b-8d39-124fa8845d66"
          },
          "private": "eyJlMmJmYjczMC1lY2FhLTExZTYtOGY4OC0zNDM2M2JjN2M0YzAiOnsiY3JlYXRlIjo1NDAwMDAwMDAwMDAwLCJkZWxldGUiOjU0MDAwMDAwMDAwMDAsInJlYWQiOjMwMDAwMDAwMDAwMCwidXBkYXRlIjo1NDAwMDAwMDAwMDAwfX0="
        }
      ]
    },
    {
      "mode": "managed",
      "type": "azurerm_resource_group",
      "name": "name",
      "provider": "provider[\"registry.terraform.io/hashicorp/azurerm\"]",
      "instances": [
        {
          "index_key": "rg5",
          "schema_version": 0,
          "attributes": {
            "id": "/subscriptions/4b7f2f4e-4f23-417b-8d39-124fa8845d66/resourceGroups/rg5",
            "location": "centralindia",
            "managed_by": "",
            "name": "rg5",
            "tags": null,
            "timeouts": null
          },
          "sensitive_attributes": [],
          "identity_schema_version": 0,
          "identity": {
            "name": "rg5",
            "subscription_id": "4b7f2f4e-4f23-417b-8d39-124fa8845d66"
          },
          "private": "eyJlMmJmYjczMC1lY2FhLTExZTYtOGY4OC0zNDM2M2JjN2M0YzAiOnsiY3JlYXRlIjo1NDAwMDAwMDAwMDAwLCJkZWxldGUiOjU0MDAwMDAwMDAwMDAsInJlYWQiOjMwMDAwMDAwMDAwMCwidXBkYXRlIjo1NDAwMDAwMDAwMDAwfX0="
        },
        {
          "index_key": "rg6",
          "schema_version": 0,
          "attributes": {
            "id": "/subscriptions/4b7f2f4e-4f23-417b-8d39-124fa8845d66/resourceGroups/rg6",
            "location": "centralindia",
            "managed_by": "",
            "name": "rg6",
            "tags": null,
            "timeouts": null
          },
          "sensitive_attributes": [],
          "identity_schema_version": 0,
          "identity": {
            "name": "rg6",
            "subscription_id": "4b7f2f4e-4f23-417b-8d39-124fa8845d66"
          },
          "private": "eyJlMmJmYjczMC1lY2FhLTExZTYtOGY4OC0zNDM2M2JjN2M0YzAiOnsiY3JlYXRlIjo1NDAwMDAwMDAwMDAwLCJkZWxldGUiOjU0MDAwMDAwMDAwMDAsInJlYWQiOjMwMDAwMDAwMDAwMCwidXBkYXRlIjo1NDAwMDAwMDAwMDAwfX0="
        }
      ]
    }
  ],
  "check_results": null
}
